// !$*UTF8*$!
{
	archiveVersion = 1;
	classes = {
	};
	objectVersion = 50;
	objects = {

/* Begin PBXBuildFile section */
		45830EEF22DFA5BC00D6EF49 /* FoodCell.xib in Resources */ = {isa = PBXBuildFile; fileRef = 45830EEE22DFA5BC00D6EF49 /* FoodCell.xib */; };
		45830EF122DFBE9500D6EF49 /* FoodCollectionViewCell.swift in Sources */ = {isa = PBXBuildFile; fileRef = 45830EF022DFBE9500D6EF49 /* FoodCollectionViewCell.swift */; };
		45830EF622E3B03600D6EF49 /* DimSumDetail.storyboard in Resources */ = {isa = PBXBuildFile; fileRef = 45830EF522E3B03600D6EF49 /* DimSumDetail.storyboard */; };
		45830EF822E3B05700D6EF49 /* Profile.storyboard in Resources */ = {isa = PBXBuildFile; fileRef = 45830EF722E3B05700D6EF49 /* Profile.storyboard */; };
		45830EFB22E3B11B00D6EF49 /* Reviews.storyboard in Resources */ = {isa = PBXBuildFile; fileRef = 45830EFA22E3B11B00D6EF49 /* Reviews.storyboard */; };
		45830EFD22E3BC6A00D6EF49 /* DimSum.swift in Sources */ = {isa = PBXBuildFile; fileRef = 45830EFC22E3BC6A00D6EF49 /* DimSum.swift */; };
		85D00069DD873DE5EB08C718 /* Pods_DimSumApp.framework in Frameworks */ = {isa = PBXBuildFile; fileRef = 928F95D801970B751A5FB8DD /* Pods_DimSumApp.framework */; };
		D605DA9522D78F0D00CB811E /* AppDelegate.swift in Sources */ = {isa = PBXBuildFile; fileRef = D605DA9422D78F0D00CB811E /* AppDelegate.swift */; };
		D605DA9A22D78F0E00CB811E /* Main.storyboard in Resources */ = {isa = PBXBuildFile; fileRef = D605DA9822D78F0E00CB811E /* Main.storyboard */; };
		D605DA9C22D78F1400CB811E /* Assets.xcassets in Resources */ = {isa = PBXBuildFile; fileRef = D605DA9B22D78F1400CB811E /* Assets.xcassets */; };
		D605DA9F22D78F1400CB811E /* LaunchScreen.storyboard in Resources */ = {isa = PBXBuildFile; fileRef = D605DA9D22D78F1400CB811E /* LaunchScreen.storyboard */; };
		D605DAA722D792FB00CB811E /* Restaurant.storyboard in Resources */ = {isa = PBXBuildFile; fileRef = D605DAA622D792FB00CB811E /* Restaurant.storyboard */; };
		D605DAAB22D7938800CB811E /* TabBarController.swift in Sources */ = {isa = PBXBuildFile; fileRef = D605DAAA22D7938800CB811E /* TabBarController.swift */; };
		D605DAB222D79D7A00CB811E /* DimSum.storyboard in Resources */ = {isa = PBXBuildFile; fileRef = D605DAB122D79D7A00CB811E /* DimSum.storyboard */; };
		D605DAB422D79D8800CB811E /* Favorite.storyboard in Resources */ = {isa = PBXBuildFile; fileRef = D605DAB322D79D8800CB811E /* Favorite.storyboard */; };
		D605DAB622D79E3100CB811E /* RestaurantController.swift in Sources */ = {isa = PBXBuildFile; fileRef = D605DAB522D79E3100CB811E /* RestaurantController.swift */; };
		D605DAB822D79EF100CB811E /* DimSumController.swift in Sources */ = {isa = PBXBuildFile; fileRef = D605DAB722D79EF100CB811E /* DimSumController.swift */; };
		D605DABA22D79F0700CB811E /* FavoriteController.swift in Sources */ = {isa = PBXBuildFile; fileRef = D605DAB922D79F0700CB811E /* FavoriteController.swift */; };
		D605DABC22D79F1600CB811E /* DimSumDetailController.swift in Sources */ = {isa = PBXBuildFile; fileRef = D605DABB22D79F1600CB811E /* DimSumDetailController.swift */; };
		D605DABE22D79F5000CB811E /* DimSumReviewsController.swift in Sources */ = {isa = PBXBuildFile; fileRef = D605DABD22D79F5000CB811E /* DimSumReviewsController.swift */; };
		D605DAC322D7A00800CB811E /* DimSumReview.swift in Sources */ = {isa = PBXBuildFile; fileRef = D605DAC222D7A00800CB811E /* DimSumReview.swift */; };
		D605DAC522D7A02E00CB811E /* RestaurantReview.swift in Sources */ = {isa = PBXBuildFile; fileRef = D605DAC422D7A02E00CB811E /* RestaurantReview.swift */; };
		D605DAC722D7A08D00CB811E /* RestaurantDetailController.swift in Sources */ = {isa = PBXBuildFile; fileRef = D605DAC622D7A08D00CB811E /* RestaurantDetailController.swift */; };
		D605DAC922D7A16A00CB811E /* DimSumWriteReviewController.swift in Sources */ = {isa = PBXBuildFile; fileRef = D605DAC822D7A16A00CB811E /* DimSumWriteReviewController.swift */; };
		D605DACB22D7A1DD00CB811E /* RestaurantWriteReviewController.swift in Sources */ = {isa = PBXBuildFile; fileRef = D605DACA22D7A1DD00CB811E /* RestaurantWriteReviewController.swift */; };
		D605DACD22D7A4E500CB811E /* RestaurantReviewsController.swift in Sources */ = {isa = PBXBuildFile; fileRef = D605DACC22D7A4E500CB811E /* RestaurantReviewsController.swift */; };
		D605DACF22D7A50000CB811E /* RestaurantMapDetailController.swift in Sources */ = {isa = PBXBuildFile; fileRef = D605DACE22D7A50000CB811E /* RestaurantMapDetailController.swift */; };
		D605DAD122DE575200CB811E /* GoogleService-Info.plist in Resources */ = {isa = PBXBuildFile; fileRef = D605DAD022DE575200CB811E /* GoogleService-Info.plist */; };
/* End PBXBuildFile section */

/* Begin PBXFileReference section */
		0F5838576BC2CB1EF0B01A7A /* Pods-DimSumApp.release.xcconfig */ = {isa = PBXFileReference; includeInIndex = 1; lastKnownFileType = text.xcconfig; name = "Pods-DimSumApp.release.xcconfig"; path = "Target Support Files/Pods-DimSumApp/Pods-DimSumApp.release.xcconfig"; sourceTree = "<group>"; };
		45830EEE22DFA5BC00D6EF49 /* FoodCell.xib */ = {isa = PBXFileReference; lastKnownFileType = file.xib; path = FoodCell.xib; sourceTree = "<group>"; };
		45830EF022DFBE9500D6EF49 /* FoodCollectionViewCell.swift */ = {isa = PBXFileReference; lastKnownFileType = sourcecode.swift; path = FoodCollectionViewCell.swift; sourceTree = "<group>"; };
		45830EF522E3B03600D6EF49 /* DimSumDetail.storyboard */ = {isa = PBXFileReference; lastKnownFileType = file.storyboard; path = DimSumDetail.storyboard; sourceTree = "<group>"; };
		45830EF722E3B05700D6EF49 /* Profile.storyboard */ = {isa = PBXFileReference; lastKnownFileType = file.storyboard; path = Profile.storyboard; sourceTree = "<group>"; };
		45830EFA22E3B11B00D6EF49 /* Reviews.storyboard */ = {isa = PBXFileReference; lastKnownFileType = file.storyboard; path = Reviews.storyboard; sourceTree = "<group>"; };
		45830EFC22E3BC6A00D6EF49 /* DimSum.swift */ = {isa = PBXFileReference; lastKnownFileType = sourcecode.swift; path = DimSum.swift; sourceTree = "<group>"; };
		928F95D801970B751A5FB8DD /* Pods_DimSumApp.framework */ = {isa = PBXFileReference; explicitFileType = wrapper.framework; includeInIndex = 0; path = Pods_DimSumApp.framework; sourceTree = BUILT_PRODUCTS_DIR; };
		D5B223BF3C28A9CAFFF3145C /* Pods-DimSumApp.debug.xcconfig */ = {isa = PBXFileReference; includeInIndex = 1; lastKnownFileType = text.xcconfig; name = "Pods-DimSumApp.debug.xcconfig"; path = "Target Support Files/Pods-DimSumApp/Pods-DimSumApp.debug.xcconfig"; sourceTree = "<group>"; };
		D605DA9122D78F0D00CB811E /* DimSumApp.app */ = {isa = PBXFileReference; explicitFileType = wrapper.application; includeInIndex = 0; path = DimSumApp.app; sourceTree = BUILT_PRODUCTS_DIR; };
		D605DA9422D78F0D00CB811E /* AppDelegate.swift */ = {isa = PBXFileReference; lastKnownFileType = sourcecode.swift; path = AppDelegate.swift; sourceTree = "<group>"; };
		D605DA9922D78F0E00CB811E /* Base */ = {isa = PBXFileReference; lastKnownFileType = file.storyboard; name = Base; path = Base.lproj/Main.storyboard; sourceTree = "<group>"; };
		D605DA9B22D78F1400CB811E /* Assets.xcassets */ = {isa = PBXFileReference; lastKnownFileType = folder.assetcatalog; path = Assets.xcassets; sourceTree = "<group>"; };
		D605DA9E22D78F1400CB811E /* Base */ = {isa = PBXFileReference; lastKnownFileType = file.storyboard; name = Base; path = Base.lproj/LaunchScreen.storyboard; sourceTree = "<group>"; };
		D605DAA022D78F1400CB811E /* Info.plist */ = {isa = PBXFileReference; lastKnownFileType = text.plist.xml; path = Info.plist; sourceTree = "<group>"; };
		D605DAA622D792FB00CB811E /* Restaurant.storyboard */ = {isa = PBXFileReference; lastKnownFileType = file.storyboard; path = Restaurant.storyboard; sourceTree = "<group>"; };
		D605DAAA22D7938800CB811E /* TabBarController.swift */ = {isa = PBXFileReference; lastKnownFileType = sourcecode.swift; path = TabBarController.swift; sourceTree = "<group>"; };
		D605DAB122D79D7A00CB811E /* DimSum.storyboard */ = {isa = PBXFileReference; lastKnownFileType = file.storyboard; path = DimSum.storyboard; sourceTree = "<group>"; };
		D605DAB322D79D8800CB811E /* Favorite.storyboard */ = {isa = PBXFileReference; lastKnownFileType = file.storyboard; path = Favorite.storyboard; sourceTree = "<group>"; };
		D605DAB522D79E3100CB811E /* RestaurantController.swift */ = {isa = PBXFileReference; lastKnownFileType = sourcecode.swift; path = RestaurantController.swift; sourceTree = "<group>"; };
		D605DAB722D79EF100CB811E /* DimSumController.swift */ = {isa = PBXFileReference; lastKnownFileType = sourcecode.swift; name = DimSumController.swift; path = ../DimSumController.swift; sourceTree = "<group>"; };
		D605DAB922D79F0700CB811E /* FavoriteController.swift */ = {isa = PBXFileReference; lastKnownFileType = sourcecode.swift; path = FavoriteController.swift; sourceTree = "<group>"; };
		D605DABB22D79F1600CB811E /* DimSumDetailController.swift */ = {isa = PBXFileReference; lastKnownFileType = sourcecode.swift; name = DimSumDetailController.swift; path = ../DimSumDetailController.swift; sourceTree = "<group>"; };
		D605DABD22D79F5000CB811E /* DimSumReviewsController.swift */ = {isa = PBXFileReference; lastKnownFileType = sourcecode.swift; name = DimSumReviewsController.swift; path = ../DimSumReviewsController.swift; sourceTree = "<group>"; };
		D605DAC222D7A00800CB811E /* DimSumReview.swift */ = {isa = PBXFileReference; lastKnownFileType = sourcecode.swift; path = DimSumReview.swift; sourceTree = "<group>"; };
		D605DAC422D7A02E00CB811E /* RestaurantReview.swift */ = {isa = PBXFileReference; lastKnownFileType = sourcecode.swift; path = RestaurantReview.swift; sourceTree = "<group>"; };
		D605DAC622D7A08D00CB811E /* RestaurantDetailController.swift */ = {isa = PBXFileReference; lastKnownFileType = sourcecode.swift; path = RestaurantDetailController.swift; sourceTree = "<group>"; };
		D605DAC822D7A16A00CB811E /* DimSumWriteReviewController.swift */ = {isa = PBXFileReference; lastKnownFileType = sourcecode.swift; path = DimSumWriteReviewController.swift; sourceTree = "<group>"; };
		D605DACA22D7A1DD00CB811E /* RestaurantWriteReviewController.swift */ = {isa = PBXFileReference; lastKnownFileType = sourcecode.swift; path = RestaurantWriteReviewController.swift; sourceTree = "<group>"; };
		D605DACC22D7A4E500CB811E /* RestaurantReviewsController.swift */ = {isa = PBXFileReference; lastKnownFileType = sourcecode.swift; path = RestaurantReviewsController.swift; sourceTree = "<group>"; };
		D605DACE22D7A50000CB811E /* RestaurantMapDetailController.swift */ = {isa = PBXFileReference; lastKnownFileType = sourcecode.swift; path = RestaurantMapDetailController.swift; sourceTree = "<group>"; };
		D605DAD022DE575200CB811E /* GoogleService-Info.plist */ = {isa = PBXFileReference; fileEncoding = 4; lastKnownFileType = text.plist.xml; path = "GoogleService-Info.plist"; sourceTree = "<group>"; };
/* End PBXFileReference section */

/* Begin PBXFrameworksBuildPhase section */
		D605DA8E22D78F0D00CB811E /* Frameworks */ = {
			isa = PBXFrameworksBuildPhase;
			buildActionMask = 2147483647;
			files = (
				85D00069DD873DE5EB08C718 /* Pods_DimSumApp.framework in Frameworks */,
			);
			runOnlyForDeploymentPostprocessing = 0;
		};
/* End PBXFrameworksBuildPhase section */

/* Begin PBXGroup section */
		26FE7B2F3D79D9EF94BFC78A /* Pods */ = {
			isa = PBXGroup;
			children = (
				D5B223BF3C28A9CAFFF3145C /* Pods-DimSumApp.debug.xcconfig */,
				0F5838576BC2CB1EF0B01A7A /* Pods-DimSumApp.release.xcconfig */,
			);
			path = Pods;
			sourceTree = "<group>";
		};
		45830EF222E3AF6C00D6EF49 /* Restaurant */ = {
			isa = PBXGroup;
			children = (
				D605DAA622D792FB00CB811E /* Restaurant.storyboard */,
			);
			path = Restaurant;
			sourceTree = "<group>";
		};
		45830EF322E3AFD000D6EF49 /* DimSum */ = {
			isa = PBXGroup;
			children = (
				D605DAB122D79D7A00CB811E /* DimSum.storyboard */,
				45830EEE22DFA5BC00D6EF49 /* FoodCell.xib */,
				45830EF022DFBE9500D6EF49 /* FoodCollectionViewCell.swift */,
				45830EF522E3B03600D6EF49 /* DimSumDetail.storyboard */,
			);
			path = DimSum;
			sourceTree = "<group>";
		};
		45830EF422E3AFE000D6EF49 /* FavoriteNProfile */ = {
			isa = PBXGroup;
			children = (
				D605DAB322D79D8800CB811E /* Favorite.storyboard */,
				45830EF722E3B05700D6EF49 /* Profile.storyboard */,
			);
			path = FavoriteNProfile;
			sourceTree = "<group>";
		};
		45830EF922E3B07600D6EF49 /* Login */ = {
			isa = PBXGroup;
			children = (
			);
			path = Login;
			sourceTree = "<group>";
		};
		D605DA8822D78F0D00CB811E = {
			isa = PBXGroup;
			children = (
				D605DA9322D78F0D00CB811E /* DimSumApp */,
				D605DA9222D78F0D00CB811E /* Products */,
				26FE7B2F3D79D9EF94BFC78A /* Pods */,
				FC30566AF493F7FB199AED6B /* Frameworks */,
			);
			sourceTree = "<group>";
		};
		D605DA9222D78F0D00CB811E /* Products */ = {
			isa = PBXGroup;
			children = (
				D605DA9122D78F0D00CB811E /* DimSumApp.app */,
			);
			name = Products;
			sourceTree = "<group>";
		};
		D605DA9322D78F0D00CB811E /* DimSumApp */ = {
			isa = PBXGroup;
			children = (
				D605DAAE22D79CDC00CB811E /* Controller */,
				D605DAAD22D79CD700CB811E /* View */,
				D605DAAC22D79CC700CB811E /* Model */,
				D605DAAF22D79CEC00CB811E /* Supporting Files */,
				D605DA9D22D78F1400CB811E /* LaunchScreen.storyboard */,
				D605DAD022DE575200CB811E /* GoogleService-Info.plist */,
				D605DAA022D78F1400CB811E /* Info.plist */,
			);
			path = DimSumApp;
			sourceTree = "<group>";
		};
		D605DAAC22D79CC700CB811E /* Model */ = {
			isa = PBXGroup;
			children = (
				45830EFC22E3BC6A00D6EF49 /* DimSum.swift */,
				D605DAC222D7A00800CB811E /* DimSumReview.swift */,
				D605DAC422D7A02E00CB811E /* RestaurantReview.swift */,
			);
			path = Model;
			sourceTree = "<group>";
		};
		D605DAAD22D79CD700CB811E /* View */ = {
			isa = PBXGroup;
			children = (
				45830EF922E3B07600D6EF49 /* Login */,
				D605DA9822D78F0E00CB811E /* Main.storyboard */,
				D605DAAA22D7938800CB811E /* TabBarController.swift */,
				45830EFA22E3B11B00D6EF49 /* Reviews.storyboard */,
				45830EF322E3AFD000D6EF49 /* DimSum */,
				45830EF222E3AF6C00D6EF49 /* Restaurant */,
				45830EF422E3AFE000D6EF49 /* FavoriteNProfile */,
			);
			path = View;
			sourceTree = "<group>";
		};
		D605DAAE22D79CDC00CB811E /* Controller */ = {
			isa = PBXGroup;
			children = (
				D605DAC122D79FA300CB811E /* Restaurants */,
				D605DABF22D79F5900CB811E /* DimSum */,
				D605DAC022D79F9800CB811E /* Favorites */,
			);
			path = Controller;
			sourceTree = "<group>";
		};
		D605DAAF22D79CEC00CB811E /* Supporting Files */ = {
			isa = PBXGroup;
			children = (
				D605DA9422D78F0D00CB811E /* AppDelegate.swift */,
				D605DA9B22D78F1400CB811E /* Assets.xcassets */,
			);
			path = "Supporting Files";
			sourceTree = "<group>";
		};
		D605DABF22D79F5900CB811E /* DimSum */ = {
			isa = PBXGroup;
			children = (
				D605DAB722D79EF100CB811E /* DimSumController.swift */,
				D605DABB22D79F1600CB811E /* DimSumDetailController.swift */,
				D605DABD22D79F5000CB811E /* DimSumReviewsController.swift */,
				D605DAC822D7A16A00CB811E /* DimSumWriteReviewController.swift */,
			);
			path = DimSum;
			sourceTree = "<group>";
		};
		D605DAC022D79F9800CB811E /* Favorites */ = {
			isa = PBXGroup;
			children = (
				D605DAB922D79F0700CB811E /* FavoriteController.swift */,
			);
			path = Favorites;
			sourceTree = "<group>";
		};
		D605DAC122D79FA300CB811E /* Restaurants */ = {
			isa = PBXGroup;
			children = (
				D605DAB522D79E3100CB811E /* RestaurantController.swift */,
				D605DACE22D7A50000CB811E /* RestaurantMapDetailController.swift */,
				D605DAC622D7A08D00CB811E /* RestaurantDetailController.swift */,
				D605DACA22D7A1DD00CB811E /* RestaurantWriteReviewController.swift */,
				D605DACC22D7A4E500CB811E /* RestaurantReviewsController.swift */,
			);
			path = Restaurants;
			sourceTree = "<group>";
		};
		FC30566AF493F7FB199AED6B /* Frameworks */ = {
			isa = PBXGroup;
			children = (
				928F95D801970B751A5FB8DD /* Pods_DimSumApp.framework */,
			);
			name = Frameworks;
			sourceTree = "<group>";
		};
/* End PBXGroup section */

/* Begin PBXNativeTarget section */
		D605DA9022D78F0D00CB811E /* DimSumApp */ = {
			isa = PBXNativeTarget;
			buildConfigurationList = D605DAA322D78F1400CB811E /* Build configuration list for PBXNativeTarget "DimSumApp" */;
			buildPhases = (
				AE508960A0A62380284CB357 /* [CP] Check Pods Manifest.lock */,
				D605DA8D22D78F0D00CB811E /* Sources */,
				D605DA8E22D78F0D00CB811E /* Frameworks */,
				D605DA8F22D78F0D00CB811E /* Resources */,
				EE0E3B5EA302EDFC760BD341 /* [CP] Embed Pods Frameworks */,
			);
			buildRules = (
			);
			dependencies = (
			);
			name = DimSumApp;
			productName = DimSumApp;
			productReference = D605DA9122D78F0D00CB811E /* DimSumApp.app */;
			productType = "com.apple.product-type.application";
		};
/* End PBXNativeTarget section */

/* Begin PBXProject section */
		D605DA8922D78F0D00CB811E /* Project object */ = {
			isa = PBXProject;
			attributes = {
				LastSwiftUpdateCheck = 1020;
				LastUpgradeCheck = 1020;
				ORGANIZATIONNAME = "Jian Ting Li";
				TargetAttributes = {
					D605DA9022D78F0D00CB811E = {
						CreatedOnToolsVersion = 10.2.1;
					};
				};
			};
			buildConfigurationList = D605DA8C22D78F0D00CB811E /* Build configuration list for PBXProject "DimSumApp" */;
			compatibilityVersion = "Xcode 9.3";
			developmentRegion = en;
			hasScannedForEncodings = 0;
			knownRegions = (
				en,
				Base,
			);
			mainGroup = D605DA8822D78F0D00CB811E;
			productRefGroup = D605DA9222D78F0D00CB811E /* Products */;
			projectDirPath = "";
			projectRoot = "";
			targets = (
				D605DA9022D78F0D00CB811E /* DimSumApp */,
			);
		};
/* End PBXProject section */

/* Begin PBXResourcesBuildPhase section */
		D605DA8F22D78F0D00CB811E /* Resources */ = {
			isa = PBXResourcesBuildPhase;
			buildActionMask = 2147483647;
			files = (
				45830EF622E3B03600D6EF49 /* DimSumDetail.storyboard in Resources */,
				D605DA9F22D78F1400CB811E /* LaunchScreen.storyboard in Resources */,
				45830EF822E3B05700D6EF49 /* Profile.storyboard in Resources */,
				D605DA9C22D78F1400CB811E /* Assets.xcassets in Resources */,
				45830EFB22E3B11B00D6EF49 /* Reviews.storyboard in Resources */,
				D605DAB422D79D8800CB811E /* Favorite.storyboard in Resources */,
				D605DAA722D792FB00CB811E /* Restaurant.storyboard in Resources */,
				D605DA9A22D78F0E00CB811E /* Main.storyboard in Resources */,
				45830EEF22DFA5BC00D6EF49 /* FoodCell.xib in Resources */,
				D605DAB222D79D7A00CB811E /* DimSum.storyboard in Resources */,
				D605DAD122DE575200CB811E /* GoogleService-Info.plist in Resources */,
			);
			runOnlyForDeploymentPostprocessing = 0;
		};
/* End PBXResourcesBuildPhase section */

/* Begin PBXShellScriptBuildPhase section */
		AE508960A0A62380284CB357 /* [CP] Check Pods Manifest.lock */ = {
			isa = PBXShellScriptBuildPhase;
			buildActionMask = 2147483647;
			files = (
			);
			inputFileListPaths = (
			);
			inputPaths = (
				"${PODS_PODFILE_DIR_PATH}/Podfile.lock",
				"${PODS_ROOT}/Manifest.lock",
			);
			name = "[CP] Check Pods Manifest.lock";
			outputFileListPaths = (
			);
			outputPaths = (
				"$(DERIVED_FILE_DIR)/Pods-DimSumApp-checkManifestLockResult.txt",
			);
			runOnlyForDeploymentPostprocessing = 0;
			shellPath = /bin/sh;
			shellScript = "diff \"${PODS_PODFILE_DIR_PATH}/Podfile.lock\" \"${PODS_ROOT}/Manifest.lock\" > /dev/null\nif [ $? != 0 ] ; then\n    # print error to STDERR\n    echo \"error: The sandbox is not in sync with the Podfile.lock. Run 'pod install' or update your CocoaPods installation.\" >&2\n    exit 1\nfi\n# This output is used by Xcode 'outputs' to avoid re-running this script phase.\necho \"SUCCESS\" > \"${SCRIPT_OUTPUT_FILE_0}\"\n";
			showEnvVarsInLog = 0;
		};
		EE0E3B5EA302EDFC760BD341 /* [CP] Embed Pods Frameworks */ = {
			isa = PBXShellScriptBuildPhase;
			buildActionMask = 2147483647;
			files = (
			);
			inputFileListPaths = (
			);
			inputPaths = (
				"${PODS_ROOT}/Target Support Files/Pods-DimSumApp/Pods-DimSumApp-frameworks.sh",
				"${BUILT_PRODUCTS_DIR}/BoringSSL-GRPC/openssl_grpc.framework",
				"${BUILT_PRODUCTS_DIR}/Cosmos/Cosmos.framework",
				"${BUILT_PRODUCTS_DIR}/GTMSessionFetcher/GTMSessionFetcher.framework",
				"${BUILT_PRODUCTS_DIR}/GoogleUtilities/GoogleUtilities.framework",
				"${BUILT_PRODUCTS_DIR}/Kingfisher/Kingfisher.framework",
				"${BUILT_PRODUCTS_DIR}/Protobuf/Protobuf.framework",
				"${BUILT_PRODUCTS_DIR}/Toucan/Toucan.framework",
				"${BUILT_PRODUCTS_DIR}/gRPC-C++/grpcpp.framework",
				"${BUILT_PRODUCTS_DIR}/gRPC-Core/grpc.framework",
				"${BUILT_PRODUCTS_DIR}/leveldb-library/leveldb.framework",
				"${BUILT_PRODUCTS_DIR}/nanopb/nanopb.framework",
			);
			name = "[CP] Embed Pods Frameworks";
			outputFileListPaths = (
			);
			outputPaths = (
				"${TARGET_BUILD_DIR}/${FRAMEWORKS_FOLDER_PATH}/openssl_grpc.framework",
				"${TARGET_BUILD_DIR}/${FRAMEWORKS_FOLDER_PATH}/Cosmos.framework",
				"${TARGET_BUILD_DIR}/${FRAMEWORKS_FOLDER_PATH}/GTMSessionFetcher.framework",
				"${TARGET_BUILD_DIR}/${FRAMEWORKS_FOLDER_PATH}/GoogleUtilities.framework",
				"${TARGET_BUILD_DIR}/${FRAMEWORKS_FOLDER_PATH}/Kingfisher.framework",
				"${TARGET_BUILD_DIR}/${FRAMEWORKS_FOLDER_PATH}/Protobuf.framework",
				"${TARGET_BUILD_DIR}/${FRAMEWORKS_FOLDER_PATH}/Toucan.framework",
				"${TARGET_BUILD_DIR}/${FRAMEWORKS_FOLDER_PATH}/grpcpp.framework",
				"${TARGET_BUILD_DIR}/${FRAMEWORKS_FOLDER_PATH}/grpc.framework",
				"${TARGET_BUILD_DIR}/${FRAMEWORKS_FOLDER_PATH}/leveldb.framework",
				"${TARGET_BUILD_DIR}/${FRAMEWORKS_FOLDER_PATH}/nanopb.framework",
			);
			runOnlyForDeploymentPostprocessing = 0;
			shellPath = /bin/sh;
			shellScript = "\"${PODS_ROOT}/Target Support Files/Pods-DimSumApp/Pods-DimSumApp-frameworks.sh\"\n";
			showEnvVarsInLog = 0;
		};
/* End PBXShellScriptBuildPhase section */

/* Begin PBXSourcesBuildPhase section */
		D605DA8D22D78F0D00CB811E /* Sources */ = {
			isa = PBXSourcesBuildPhase;
			buildActionMask = 2147483647;
			files = (
				D605DACD22D7A4E500CB811E /* RestaurantReviewsController.swift in Sources */,
				D605DAC922D7A16A00CB811E /* DimSumWriteReviewController.swift in Sources */,
				D605DABA22D79F0700CB811E /* FavoriteController.swift in Sources */,
				D605DABE22D79F5000CB811E /* DimSumReviewsController.swift in Sources */,
				D605DAC522D7A02E00CB811E /* RestaurantReview.swift in Sources */,
				D605DAB822D79EF100CB811E /* DimSumController.swift in Sources */,
				45830EFD22E3BC6A00D6EF49 /* DimSum.swift in Sources */,
				D605DAAB22D7938800CB811E /* TabBarController.swift in Sources */,
				D605DABC22D79F1600CB811E /* DimSumDetailController.swift in Sources */,
				D605DAC722D7A08D00CB811E /* RestaurantDetailController.swift in Sources */,
				D605DA9522D78F0D00CB811E /* AppDelegate.swift in Sources */,
				45830EF122DFBE9500D6EF49 /* FoodCollectionViewCell.swift in Sources */,
				D605DACF22D7A50000CB811E /* RestaurantMapDetailController.swift in Sources */,
				D605DAC322D7A00800CB811E /* DimSumReview.swift in Sources */,
				D605DACB22D7A1DD00CB811E /* RestaurantWriteReviewController.swift in Sources */,
				D605DAB622D79E3100CB811E /* RestaurantController.swift in Sources */,
			);
			runOnlyForDeploymentPostprocessing = 0;
		};
/* End PBXSourcesBuildPhase section */

/* Begin PBXVariantGroup section */
		D605DA9822D78F0E00CB811E /* Main.storyboard */ = {
			isa = PBXVariantGroup;
			children = (
				D605DA9922D78F0E00CB811E /* Base */,
			);
			name = Main.storyboard;
			sourceTree = "<group>";
		};
		D605DA9D22D78F1400CB811E /* LaunchScreen.storyboard */ = {
			isa = PBXVariantGroup;
			children = (
				D605DA9E22D78F1400CB811E /* Base */,
			);
			name = LaunchScreen.storyboard;
			sourceTree = "<group>";
		};
/* End PBXVariantGroup section */

/* Begin XCBuildConfiguration section */
		D605DAA122D78F1400CB811E /* Debug */ = {
			isa = XCBuildConfiguration;
			buildSettings = {
				ALWAYS_SEARCH_USER_PATHS = NO;
				CLANG_ANALYZER_NONNULL = YES;
				CLANG_ANALYZER_NUMBER_OBJECT_CONVERSION = YES_AGGRESSIVE;
				CLANG_CXX_LANGUAGE_STANDARD = "gnu++14";
				CLANG_CXX_LIBRARY = "libc++";
				CLANG_ENABLE_MODULES = YES;
				CLANG_ENABLE_OBJC_ARC = YES;
				CLANG_ENABLE_OBJC_WEAK = YES;
				CLANG_WARN_BLOCK_CAPTURE_AUTORELEASING = YES;
				CLANG_WARN_BOOL_CONVERSION = YES;
				CLANG_WARN_COMMA = YES;
				CLANG_WARN_CONSTANT_CONVERSION = YES;
				CLANG_WARN_DEPRECATED_OBJC_IMPLEMENTATIONS = YES;
				CLANG_WARN_DIRECT_OBJC_ISA_USAGE = YES_ERROR;
				CLANG_WARN_DOCUMENTATION_COMMENTS = YES;
				CLANG_WARN_EMPTY_BODY = YES;
				CLANG_WARN_ENUM_CONVERSION = YES;
				CLANG_WARN_INFINITE_RECURSION = YES;
				CLANG_WARN_INT_CONVERSION = YES;
				CLANG_WARN_NON_LITERAL_NULL_CONVERSION = YES;
				CLANG_WARN_OBJC_IMPLICIT_RETAIN_SELF = YES;
				CLANG_WARN_OBJC_LITERAL_CONVERSION = YES;
				CLANG_WARN_OBJC_ROOT_CLASS = YES_ERROR;
				CLANG_WARN_RANGE_LOOP_ANALYSIS = YES;
				CLANG_WARN_STRICT_PROTOTYPES = YES;
				CLANG_WARN_SUSPICIOUS_MOVE = YES;
				CLANG_WARN_UNGUARDED_AVAILABILITY = YES_AGGRESSIVE;
				CLANG_WARN_UNREACHABLE_CODE = YES;
				CLANG_WARN__DUPLICATE_METHOD_MATCH = YES;
				CODE_SIGN_IDENTITY = "iPhone Developer";
				COPY_PHASE_STRIP = NO;
				DEBUG_INFORMATION_FORMAT = dwarf;
				ENABLE_STRICT_OBJC_MSGSEND = YES;
				ENABLE_TESTABILITY = YES;
				GCC_C_LANGUAGE_STANDARD = gnu11;
				GCC_DYNAMIC_NO_PIC = NO;
				GCC_NO_COMMON_BLOCKS = YES;
				GCC_OPTIMIZATION_LEVEL = 0;
				GCC_PREPROCESSOR_DEFINITIONS = (
					"DEBUG=1",
					"$(inherited)",
				);
				GCC_WARN_64_TO_32_BIT_CONVERSION = YES;
				GCC_WARN_ABOUT_RETURN_TYPE = YES_ERROR;
				GCC_WARN_UNDECLARED_SELECTOR = YES;
				GCC_WARN_UNINITIALIZED_AUTOS = YES_AGGRESSIVE;
				GCC_WARN_UNUSED_FUNCTION = YES;
				GCC_WARN_UNUSED_VARIABLE = YES;
				IPHONEOS_DEPLOYMENT_TARGET = 12.2;
				MTL_ENABLE_DEBUG_INFO = INCLUDE_SOURCE;
				MTL_FAST_MATH = YES;
				ONLY_ACTIVE_ARCH = YES;
				SDKROOT = iphoneos;
				SWIFT_ACTIVE_COMPILATION_CONDITIONS = DEBUG;
				SWIFT_OPTIMIZATION_LEVEL = "-Onone";
			};
			name = Debug;
		};
		D605DAA222D78F1400CB811E /* Release */ = {
			isa = XCBuildConfiguration;
			buildSettings = {
				ALWAYS_SEARCH_USER_PATHS = NO;
				CLANG_ANALYZER_NONNULL = YES;
				CLANG_ANALYZER_NUMBER_OBJECT_CONVERSION = YES_AGGRESSIVE;
				CLANG_CXX_LANGUAGE_STANDARD = "gnu++14";
				CLANG_CXX_LIBRARY = "libc++";
				CLANG_ENABLE_MODULES = YES;
				CLANG_ENABLE_OBJC_ARC = YES;
				CLANG_ENABLE_OBJC_WEAK = YES;
				CLANG_WARN_BLOCK_CAPTURE_AUTORELEASING = YES;
				CLANG_WARN_BOOL_CONVERSION = YES;
				CLANG_WARN_COMMA = YES;
				CLANG_WARN_CONSTANT_CONVERSION = YES;
				CLANG_WARN_DEPRECATED_OBJC_IMPLEMENTATIONS = YES;
				CLANG_WARN_DIRECT_OBJC_ISA_USAGE = YES_ERROR;
				CLANG_WARN_DOCUMENTATION_COMMENTS = YES;
				CLANG_WARN_EMPTY_BODY = YES;
				CLANG_WARN_ENUM_CONVERSION = YES;
				CLANG_WARN_INFINITE_RECURSION = YES;
				CLANG_WARN_INT_CONVERSION = YES;
				CLANG_WARN_NON_LITERAL_NULL_CONVERSION = YES;
				CLANG_WARN_OBJC_IMPLICIT_RETAIN_SELF = YES;
				CLANG_WARN_OBJC_LITERAL_CONVERSION = YES;
				CLANG_WARN_OBJC_ROOT_CLASS = YES_ERROR;
				CLANG_WARN_RANGE_LOOP_ANALYSIS = YES;
				CLANG_WARN_STRICT_PROTOTYPES = YES;
				CLANG_WARN_SUSPICIOUS_MOVE = YES;
				CLANG_WARN_UNGUARDED_AVAILABILITY = YES_AGGRESSIVE;
				CLANG_WARN_UNREACHABLE_CODE = YES;
				CLANG_WARN__DUPLICATE_METHOD_MATCH = YES;
				CODE_SIGN_IDENTITY = "iPhone Developer";
				COPY_PHASE_STRIP = NO;
				DEBUG_INFORMATION_FORMAT = "dwarf-with-dsym";
				ENABLE_NS_ASSERTIONS = NO;
				ENABLE_STRICT_OBJC_MSGSEND = YES;
				GCC_C_LANGUAGE_STANDARD = gnu11;
				GCC_NO_COMMON_BLOCKS = YES;
				GCC_WARN_64_TO_32_BIT_CONVERSION = YES;
				GCC_WARN_ABOUT_RETURN_TYPE = YES_ERROR;
				GCC_WARN_UNDECLARED_SELECTOR = YES;
				GCC_WARN_UNINITIALIZED_AUTOS = YES_AGGRESSIVE;
				GCC_WARN_UNUSED_FUNCTION = YES;
				GCC_WARN_UNUSED_VARIABLE = YES;
				IPHONEOS_DEPLOYMENT_TARGET = 12.2;
				MTL_ENABLE_DEBUG_INFO = NO;
				MTL_FAST_MATH = YES;
				SDKROOT = iphoneos;
				SWIFT_COMPILATION_MODE = wholemodule;
				SWIFT_OPTIMIZATION_LEVEL = "-O";
				VALIDATE_PRODUCT = YES;
			};
			name = Release;
		};
		D605DAA422D78F1400CB811E /* Debug */ = {
			isa = XCBuildConfiguration;
			baseConfigurationReference = D5B223BF3C28A9CAFFF3145C /* Pods-DimSumApp.debug.xcconfig */;
			buildSettings = {
				ASSETCATALOG_COMPILER_APPICON_NAME = AppIcon;
				CODE_SIGN_STYLE = Automatic;
				DEVELOPMENT_TEAM = VXCS37P548;
				INFOPLIST_FILE = DimSumApp/Info.plist;
				LD_RUNPATH_SEARCH_PATHS = (
					"$(inherited)",
					"@executable_path/Frameworks",
				);
				PRODUCT_BUNDLE_IDENTIFIER = org.pursuit.DimSumApp;
				PRODUCT_NAME = "$(TARGET_NAME)";
				SWIFT_VERSION = 5.0;
				TARGETED_DEVICE_FAMILY = "1,2";
			};
			name = Debug;
		};
		D605DAA522D78F1400CB811E /* Release */ = {
			isa = XCBuildConfiguration;
			baseConfigurationReference = 0F5838576BC2CB1EF0B01A7A /* Pods-DimSumApp.release.xcconfig */;
			buildSettings = {
				ASSETCATALOG_COMPILER_APPICON_NAME = AppIcon;
				CODE_SIGN_STYLE = Automatic;
				DEVELOPMENT_TEAM = VXCS37P548;
				INFOPLIST_FILE = DimSumApp/Info.plist;
				LD_RUNPATH_SEARCH_PATHS = (
					"$(inherited)",
					"@executable_path/Frameworks",
				);
				PRODUCT_BUNDLE_IDENTIFIER = org.pursuit.DimSumApp;
				PRODUCT_NAME = "$(TARGET_NAME)";
				SWIFT_VERSION = 5.0;
				TARGETED_DEVICE_FAMILY = "1,2";
			};
			name = Release;
		};
/* End XCBuildConfiguration section */

/* Begin XCConfigurationList section */
		D605DA8C22D78F0D00CB811E /* Build configuration list for PBXProject "DimSumApp" */ = {
			isa = XCConfigurationList;
			buildConfigurations = (
				D605DAA122D78F1400CB811E /* Debug */,
				D605DAA222D78F1400CB811E /* Release */,
			);
			defaultConfigurationIsVisible = 0;
			defaultConfigurationName = Release;
		};
		D605DAA322D78F1400CB811E /* Build configuration list for PBXNativeTarget "DimSumApp" */ = {
			isa = XCConfigurationList;
			buildConfigurations = (
				D605DAA422D78F1400CB811E /* Debug */,
				D605DAA522D78F1400CB811E /* Release */,
			);
			defaultConfigurationIsVisible = 0;
			defaultConfigurationName = Release;
		};
/* End XCConfigurationList section */
	};
	rootObject = D605DA8922D78F0D00CB811E /* Project object */;
}
